lockfileVersion: '9.0'

settings:
  autoInstallPeers: true
  excludeLinksFromLockfile: false

importers:

  .:
    dependencies:
      '@pnpm/exe':
        specifier: ^10.33.2
        version: 10.33.2
    devDependencies:
      '@google/gemini-cli':
        specifier: ^0.39.1
        version: 0.39.1

packages:

  '@github/keytar@7.10.6':
    resolution: {integrity: sha512-mRW6cUsSG+nj4jp5gp8e91zPySaT73r+2JM6VyMZfrEgksjPmjSMr+tPGNOK3HUHV+GUU9B1LAiiYy/wmAnIxA==}

  '@google/gemini-cli@0.39.1':
    resolution: {integrity: sha512-r+oG8Sxp+Pi0ev7fL1Meie4MyGHb3DVRImeP1DHZNfCWRicTUQLnOJw42iSrhxY6hq9Xzk6IQngvNgVBjbRB7g==}
    engines: {node: '>=20'}
    hasBin: true

  '@lydell/node-pty-darwin-arm64@1.1.0':
    resolution: {integrity: sha512-7kFD+owAA61qmhJCtoMbqj3Uvff3YHDiU+4on5F2vQdcMI3MuwGi7dM6MkFG/yuzpw8LF2xULpL71tOPUfxs0w==}
    cpu: [arm64]
    os: [darwin]

  '@lydell/node-pty-darwin-x64@1.1.0':
    resolution: {integrity: sha512-XZdvqj5FjAMjH8bdp0YfaZjur5DrCIDD1VYiE9EkkYVMDQqRUPHYV3U8BVEQVT9hYfjmpr7dNaELF2KyISWSNA==}
    cpu: [x64]
    os: [darwin]

  '@lydell/node-pty-linux-arm64@1.1.0':
    resolution: {integrity: sha512-yyDBmalCfHpLiQMT2zyLcqL2Fay4Xy7rIs8GH4dqKLnEviMvPGOK7LADVkKAsbsyXBSISL3Lt1m1MtxhPH6ckg==}
    cpu: [arm64]
    os: [linux]

  '@lydell/node-pty-linux-x64@1.1.0':
    resolution: {integrity: sha512-NcNqRTD14QT+vXcEuqSSvmWY+0+WUBn2uRE8EN0zKtDpIEr9d+YiFj16Uqds6QfcLCHfZmC+Ls7YzwTaqDnanA==}
    cpu: [x64]
    os: [linux]

  '@lydell/node-pty-win32-arm64@1.1.0':
    resolution: {integrity: sha512-JOMbCou+0fA7d/m97faIIfIU0jOv8sn2OR7tI45u3AmldKoKoLP8zHY6SAvDDnI3fccO1R2HeR1doVjpS7HM0w==}
    cpu: [arm64]
    os: [win32]

  '@lydell/node-pty-win32-x64@1.1.0':
    resolution: {integrity: sha512-3N56BZ+WDFnUMYRtsrr7Ky2mhWGl9xXcyqR6cexfuCqcz9RNWL+KoXRv/nZylY5dYaXkft4JaR1uVu+roiZDAw==}
    cpu: [x64]
    os: [win32]

  '@lydell/node-pty@1.1.0':
    resolution: {integrity: sha512-VDD8LtlMTOrPKWMXUAcB9+LTktzuunqrMwkYR1DMRBkS6LQrCt+0/Ws1o2rMml/n3guePpS7cxhHF7Nm5K4iMw==}

  '@pnpm/exe@10.33.2':
    resolution: {integrity: sha512-jMTAKcTBptqD6xsm0oyF2q4S5zlhvVm70uwfmkfNED3S5V3vr6JRykV/xwt1qKd5ChLMONquKemNuVSrmUvx1w==}
    hasBin: true

  '@pnpm/linux-arm64@10.33.2':
    resolution: {integrity: sha512-t7riiqXKzj3r2hy3SVkwiHnJB/9ussTLnSqA/6h9x5zuLlj9LZB3wla96hZDem2+wsLQ4xsMMVyZ1Rn1BGsH7w==}
    cpu: [arm64]
    os: [linux]
    hasBin: true

  '@pnpm/linux-x64@10.33.2':
    resolution: {integrity: sha512-tWwfiXIvZwnnsNR0GJj2DWSWW5UsJCq+zd62LrGiB9IBT5e/oPDPo1uV88UGpfJGNNHexGQuczi4oYocnTkZNA==}
    cpu: [x64]
    os: [linux]
    hasBin: true

  '@pnpm/macos-arm64@10.33.2':
    resolution: {integrity: sha512-4Gp5kO+sZBtmUScajoodNu8id58b6K3iNeChyKYrmiTc4EmAAcAFcwbXty0gTs5/GJaWtgT9NOuhDzx1e33eiw==}
    cpu: [arm64]
    os: [darwin]
    hasBin: true

  '@pnpm/macos-x64@10.33.2':
    resolution: {integrity: sha512-en+5m6ygIik49Nbj1V+CUf7tzLWadnxpjVJiM/POd+P0JovR7sodlu93oHEOze/T2vunHhjTpnGk+qsafM5kuw==}
    cpu: [x64]
    os: [darwin]
    hasBin: true

  '@pnpm/win-arm64@10.33.2':
    resolution: {integrity: sha512-ZJQaXG20k4efIFcITv53pyGk+0E13vBHbhdqcIZeF4Euw7iUNwb4F2ID4hnTW82NrvaI1woeS5cIPJSCrFpsxQ==}
    cpu: [arm64]
    os: [win32]
    hasBin: true

  '@pnpm/win-x64@10.33.2':
    resolution: {integrity: sha512-A2zrjz2Ii/wdHBh83fMT6MtJ1WFSbQEDD9RCBVnC60fRcWda4+M2UoIDvwSiq+eTRRGj29ljFIE2FWzEDEQdbA==}
    cpu: [x64]
    os: [win32]
    hasBin: true

  node-addon-api@7.1.1:
    resolution: {integrity: sha512-5m3bsyrjFWE1xf7nz7YXdN4udnVtXK6/Yfgn5qnahL6bCkf2yKt4k3nuTKAtT4r3IG8JNR2ncsIMdZuAzJjHQQ==}

  node-addon-api@8.7.0:
    resolution: {integrity: sha512-9MdFxmkKaOYVTV+XVRG8ArDwwQ77XIgIPyKASB1k3JPq3M8fGQQQE3YpMOrKm6g//Ktx8ivZr8xo1Qmtqub+GA==}
    engines: {node: ^18 || ^20 || >= 21}

  node-pty@1.1.0:
    resolution: {integrity: sha512-20JqtutY6JPXTUnL0ij1uad7Qe1baT46lyolh2sSENDd4sTzKZ4nmAFkeAARDKwmlLjPx6XKRlwRUxwjOy+lUg==}

snapshots:

  '@github/keytar@7.10.6':
    dependencies:
      node-addon-api: 8.7.0
    optional: true

  '@google/gemini-cli@0.39.1':
    optionalDependencies:
      '@github/keytar': 7.10.6
      '@lydell/node-pty': 1.1.0
      '@lydell/node-pty-darwin-arm64': 1.1.0
      '@lydell/node-pty-darwin-x64': 1.1.0
      '@lydell/node-pty-linux-x64': 1.1.0
      '@lydell/node-pty-win32-arm64': 1.1.0
      '@lydell/node-pty-win32-x64': 1.1.0
      node-pty: 1.1.0

  '@lydell/node-pty-darwin-arm64@1.1.0':
    optional: true

  '@lydell/node-pty-darwin-x64@1.1.0':
    optional: true

  '@lydell/node-pty-linux-arm64@1.1.0':
    optional: true

  '@lydell/node-pty-linux-x64@1.1.0':
    optional: true

  '@lydell/node-pty-win32-arm64@1.1.0':
    optional: true

  '@lydell/node-pty-win32-x64@1.1.0':
    optional: true

  '@lydell/node-pty@1.1.0':
    optionalDependencies:
      '@lydell/node-pty-darwin-arm64': 1.1.0
      '@lydell/node-pty-darwin-x64': 1.1.0
      '@lydell/node-pty-linux-arm64': 1.1.0
      '@lydell/node-pty-linux-x64': 1.1.0
      '@lydell/node-pty-win32-arm64': 1.1.0
      '@lydell/node-pty-win32-x64': 1.1.0
    optional: true

  '@pnpm/exe@10.33.2':
    optionalDependencies:
      '@pnpm/linux-arm64': 10.33.2
      '@pnpm/linux-x64': 10.33.2
      '@pnpm/macos-arm64': 10.33.2
      '@pnpm/macos-x64': 10.33.2
      '@pnpm/win-arm64': 10.33.2
      '@pnpm/win-x64': 10.33.2

  '@pnpm/linux-arm64@10.33.2':
    optional: true

  '@pnpm/linux-x64@10.33.2':
    optional: true

  '@pnpm/macos-arm64@10.33.2':
    optional: true

  '@pnpm/macos-x64@10.33.2':
    optional: true

  '@pnpm/win-arm64@10.33.2':
    optional: true

  '@pnpm/win-x64@10.33.2':
    optional: true

  node-addon-api@7.1.1:
    optional: true

  node-addon-api@8.7.0:
    optional: true

  node-pty@1.1.0:
    dependencies:
      node-addon-api: 7.1.1
    optional: true
